Microsoft Visual Studio Solution File, Format Version 10.00
# Visual Studio 2008

Project("{08C73AD4-621F-FADA-AC69-D76BABBCFC29}") = "CSharpTest", "CSharpTest.csproj", "{06AE1508-6126-1143-9AE9-FE63629C1430}"
EndProject
Global
	GlobalSection(SolutionConfigurationPlatforms) = preSolution
		Debug|Any CPU = Debug|Any CPU
		Release|Any CPU = Release|Any CPU
	EndGlobalSection
	GlobalSection(ProjectConfigurationPlatforms) = postSolution
		{06AE1508-6126-1143-9AE9-FE63629C1430}.Debug|Any CPU.ActiveCfg = Debug|Any CPU
		{06AE1508-6126-1143-9AE9-FE63629C1430}.Debug|Any CPU.Build.0 = Debug|Any CPU
		{06AE1508-6126-1143-9AE9-FE63629C1430}.Release|Any CPU.ActiveCfg = Release|Any CPU
		{06AE1508-6126-1143-9AE9-FE63629C1430}.Release|Any CPU.Build.0 = Release|Any CPU
	EndGlobalSection
	GlobalSection(SolutionProperties) = preSolution
		HideSolutionNode = FALSE
	EndGlobalSection
	
EndGlobal
